
Microsoft Visual Studio Solution File, Format Version 12.00
# Visual Studio Version 16
VisualStudioVersion = 16.0.29806.167
MinimumVisualStudioVersion = 10.0.40219.1
Project("{9A19103F-16F7-4668-BE54-9A1E7A4F7556}") = "SoundProdHelper.Web.Read", "SoundProdHelper.Web.Read\SoundProdHelper.Web.Read.csproj", "{8848B5AF-F0CD-4429-97A8-51DFE0C6F5F7}"
EndProject
Project("{9A19103F-16F7-4668-BE54-9A1E7A4F7556}") = "SoundProdHelper.Application.Read", "SoundProdHelper.Application.Read\SoundProdHelper.Application.Read.csproj", "{AF947585-2B99-4885-A4A4-F8FE291F2DA0}"
EndProject
Project("{9A19103F-16F7-4668-BE54-9A1E7A4F7556}") = "SoundProdHelper.Application.Write", "SoundProdHelper.Application.Write\SoundProdHelper.Application.Write.csproj", "{1A67EB95-BC15-4156-9184-4241F7EB6985}"
EndProject
Project("{9A19103F-16F7-4668-BE54-9A1E7A4F7556}") = "SoundProdHelper.DAL.Read", "SoundProdHelper.DAL.Read\SoundProdHelper.DAL.Read.csproj", "{839EDCAC-F034-408C-B834-BDEF6644B72C}"
EndProject
Project("{9A19103F-16F7-4668-BE54-9A1E7A4F7556}") = "SoundProdHelper.DAL.Write", "SoundProdHelper.DAL.Write\SoundProdHelper.DAL.Write.csproj", "{C7745B1F-B4ED-49B8-BC7C-A74417BD9058}"
EndProject
Project("{2150E333-8FDC-42A3-9474-1A3956D46DE8}") = "ReadService", "ReadService", "{15D69ABA-041B-46BB-A0CF-DC45C90ED087}"
EndProject
Project("{2150E333-8FDC-42A3-9474-1A3956D46DE8}") = "WriteService", "WriteService", "{0E5D88DB-0E06-4717-A5C3-37E5894E4831}"
EndProject
Project("{9A19103F-16F7-4668-BE54-9A1E7A4F7556}") = "SoundProdHelper.Web.Write", "SoundProdHelper.Web.Write\SoundProdHelper.Web.Write.csproj", "{6843DFC6-6534-42D0-959B-C58DD48CC66A}"
EndProject
Project("{9A19103F-16F7-4668-BE54-9A1E7A4F7556}") = "SoundProdHelper.ApiGateway", "SoundProdHelper.ApiGateway\SoundProdHelper.ApiGateway.csproj", "{8ACE284E-6C26-4100-9534-ECDA2D941A9B}"
EndProject
Project("{9A19103F-16F7-4668-BE54-9A1E7A4F7556}") = "SoundProdHelper.DI.Write", "SoundProdHelper.DI.Write\SoundProdHelper.DI.Write.csproj", "{A876A02A-C1A0-4932-BCF1-4CCEDE0E2239}"
EndProject
Project("{9A19103F-16F7-4668-BE54-9A1E7A4F7556}") = "SoundProdHelper.DI.Read", "SoundProdHelper.DI.Read\SoundProdHelper.DI.Read.csproj", "{906C90A6-68CB-4BE5-B424-874B173AB7AE}"
EndProject
Project("{9A19103F-16F7-4668-BE54-9A1E7A4F7556}") = "SoundProdHelper.Infrastructure", "SoundProdHelper.Infrastructure\SoundProdHelper.Infrastructure.csproj", "{9634208E-83FE-4338-918A-FC88B7A8F5A8}"
EndProject
Project("{9A19103F-16F7-4668-BE54-9A1E7A4F7556}") = "SoundProdHelper.ServiceConfiguration", "SoundProdHelper.ServiceConfiguration\SoundProdHelper.ServiceConfiguration.csproj", "{5E4DE76F-EBFB-4BCD-88D0-CEDF9FDCEC11}"
EndProject
Project("{9A19103F-16F7-4668-BE54-9A1E7A4F7556}") = "SoundProdHelper.Domain.Write", "SoundProdHelper.Domain.Write\SoundProdHelper.Domain.Write.csproj", "{8CAE3C3F-65CF-45DC-AFA0-D66854C5332D}"
EndProject
Project("{9A19103F-16F7-4668-BE54-9A1E7A4F7556}") = "SoundProdHelper.Common", "SoundProdHelper.Common\SoundProdHelper.Common.csproj", "{6743A73A-ABD0-4173-AC4D-94A51116C90E}"
EndProject
Project("{9A19103F-16F7-4668-BE54-9A1E7A4F7556}") = "SoundProdHelper.Domain.Read", "SoundProdHelper.Domain.Read\SoundProdHelper.Domain.Read.csproj", "{CD858DEB-336D-4AB7-A304-9089CCCCA3C5}"
EndProject
Project("{2150E333-8FDC-42A3-9474-1A3956D46DE8}") = "UserService", "UserService", "{C6AC21FD-C81F-4EC7-B113-9A3AB4C5E884}"
EndProject
Project("{9A19103F-16F7-4668-BE54-9A1E7A4F7556}") = "SoundProdHelper.UserService.Web", "SoundProdHelper.UserService.Web\SoundProdHelper.UserService.Web.csproj", "{DD34E2C0-8FEE-4F24-9440-9BE77060F4BC}"
EndProject
Project("{9A19103F-16F7-4668-BE54-9A1E7A4F7556}") = "SoundProdHelper.UserService.Application", "SoundProdHelper.UserService.Application\SoundProdHelper.UserService.Application.csproj", "{BB878F2C-0304-4004-AC80-AED62387F41D}"
EndProject
Project("{9A19103F-16F7-4668-BE54-9A1E7A4F7556}") = "SoundProdHelper.UserService.Domain", "SoundProdHelper.UserService.Domain\SoundProdHelper.UserService.Domain.csproj", "{5A903871-FAA0-4497-B648-B9F359D86CFD}"
EndProject
Project("{2150E333-8FDC-42A3-9474-1A3956D46DE8}") = "CoreServices", "CoreServices", "{1C8B5275-512C-462E-88A3-26554ABC0961}"
EndProject
Project("{2150E333-8FDC-42A3-9474-1A3956D46DE8}") = "DataMigrator", "DataMigrator", "{4A42388F-5FA5-40F6-BCC6-50CCBB571C31}"
EndProject
Project("{9A19103F-16F7-4668-BE54-9A1E7A4F7556}") = "SoundProdHelper.DataMigrator.Worker", "SoundProdHelper.DataMigrator.Worker\SoundProdHelper.DataMigrator.Worker.csproj", "{48537334-AFB0-44E2-8E2C-091DDC855E34}"
EndProject
Project("{9A19103F-16F7-4668-BE54-9A1E7A4F7556}") = "SoundProdHelper.DataMigrator.Application", "SoundProdHelper.DataMigrator.Application\SoundProdHelper.DataMigrator.Application.csproj", "{4236DA5A-0AC5-4D8A-A0F7-F5677EBD538B}"
EndProject
Project("{9A19103F-16F7-4668-BE54-9A1E7A4F7556}") = "SoundProdHelper.DataMigrator.DAL", "SoundProdHelper.DataMigrator.DAL\SoundProdHelper.DataMigrator.DAL.csproj", "{198245A4-F1E9-4EAB-9CD5-95FA4B8B874F}"
EndProject
Project("{9A19103F-16F7-4668-BE54-9A1E7A4F7556}") = "SoundProdHelper.Domain", "SoundProdHelper.Domain\SoundProdHelper.Domain.csproj", "{1532C370-1284-43C8-A27C-5DB654617CF6}"
EndProject
Project("{2150E333-8FDC-42A3-9474-1A3956D46DE8}") = "ProtoModels", "ProtoModels", "{C05F64D7-97CB-4CF6-B2FA-499B02FF8D88}"
EndProject
Project("{9A19103F-16F7-4668-BE54-9A1E7A4F7556}") = "SoundProdHelper.Protos.UserProtoModels", "SoundProdHelper.Protos.UserProtoModels\SoundProdHelper.Protos.UserProtoModels.csproj", "{F10FE8B7-C2E5-4348-BF8C-9284D454B4EA}"
EndProject
Project("{2150E333-8FDC-42A3-9474-1A3956D46DE8}") = "Security", "Security", "{BAF8BC85-9359-4924-A14A-B81ECA7EBD1F}"
EndProject
Project("{9A19103F-16F7-4668-BE54-9A1E7A4F7556}") = "SoundProdHelper.Crypto", "SoundProdHelper.Crypto\SoundProdHelper.Crypto.csproj", "{95845763-5294-4E4D-A06A-B1199BB09874}"
EndProject
Project("{FAE04EC0-301F-11D3-BF4B-00C04F79EFBC}") = "SoundProdHelper.UserService.DAL", "SoundProdHelper.UserService.DAL\SoundProdHelper.UserService.DAL.csproj", "{9831BBE5-3924-41C3-9667-7AE1881825E0}"
EndProject
Project("{FAE04EC0-301F-11D3-BF4B-00C04F79EFBC}") = "SoundProdHelper.UserService.DI", "SoundProdHelper.UserService.DI\SoundProdHelper.UserService.DI.csproj", "{300B50DC-B6FD-4406-A079-D94CC4F91BDE}"
EndProject
Global
	GlobalSection(SolutionConfigurationPlatforms) = preSolution
		Debug|Any CPU = Debug|Any CPU
		Release|Any CPU = Release|Any CPU
	EndGlobalSection
	GlobalSection(ProjectConfigurationPlatforms) = postSolution
		{8848B5AF-F0CD-4429-97A8-51DFE0C6F5F7}.Debug|Any CPU.ActiveCfg = Debug|Any CPU
		{8848B5AF-F0CD-4429-97A8-51DFE0C6F5F7}.Debug|Any CPU.Build.0 = Debug|Any CPU
		{8848B5AF-F0CD-4429-97A8-51DFE0C6F5F7}.Release|Any CPU.ActiveCfg = Release|Any CPU
		{8848B5AF-F0CD-4429-97A8-51DFE0C6F5F7}.Release|Any CPU.Build.0 = Release|Any CPU
		{AF947585-2B99-4885-A4A4-F8FE291F2DA0}.Debug|Any CPU.ActiveCfg = Debug|Any CPU
		{AF947585-2B99-4885-A4A4-F8FE291F2DA0}.Debug|Any CPU.Build.0 = Debug|Any CPU
		{AF947585-2B99-4885-A4A4-F8FE291F2DA0}.Release|Any CPU.ActiveCfg = Release|Any CPU
		{AF947585-2B99-4885-A4A4-F8FE291F2DA0}.Release|Any CPU.Build.0 = Release|Any CPU
		{1A67EB95-BC15-4156-9184-4241F7EB6985}.Debug|Any CPU.ActiveCfg = Debug|Any CPU
		{1A67EB95-BC15-4156-9184-4241F7EB6985}.Debug|Any CPU.Build.0 = Debug|Any CPU
		{1A67EB95-BC15-4156-9184-4241F7EB6985}.Release|Any CPU.ActiveCfg = Release|Any CPU
		{1A67EB95-BC15-4156-9184-4241F7EB6985}.Release|Any CPU.Build.0 = Release|Any CPU
		{839EDCAC-F034-408C-B834-BDEF6644B72C}.Debug|Any CPU.ActiveCfg = Debug|Any CPU
		{839EDCAC-F034-408C-B834-BDEF6644B72C}.Debug|Any CPU.Build.0 = Debug|Any CPU
		{839EDCAC-F034-408C-B834-BDEF6644B72C}.Release|Any CPU.ActiveCfg = Release|Any CPU
		{839EDCAC-F034-408C-B834-BDEF6644B72C}.Release|Any CPU.Build.0 = Release|Any CPU
		{C7745B1F-B4ED-49B8-BC7C-A74417BD9058}.Debug|Any CPU.ActiveCfg = Debug|Any CPU
		{C7745B1F-B4ED-49B8-BC7C-A74417BD9058}.Debug|Any CPU.Build.0 = Debug|Any CPU
		{C7745B1F-B4ED-49B8-BC7C-A74417BD9058}.Release|Any CPU.ActiveCfg = Release|Any CPU
		{C7745B1F-B4ED-49B8-BC7C-A74417BD9058}.Release|Any CPU.Build.0 = Release|Any CPU
		{6843DFC6-6534-42D0-959B-C58DD48CC66A}.Debug|Any CPU.ActiveCfg = Debug|Any CPU
		{6843DFC6-6534-42D0-959B-C58DD48CC66A}.Debug|Any CPU.Build.0 = Debug|Any CPU
		{6843DFC6-6534-42D0-959B-C58DD48CC66A}.Release|Any CPU.ActiveCfg = Release|Any CPU
		{6843DFC6-6534-42D0-959B-C58DD48CC66A}.Release|Any CPU.Build.0 = Release|Any CPU
		{8ACE284E-6C26-4100-9534-ECDA2D941A9B}.Debug|Any CPU.ActiveCfg = Debug|Any CPU
		{8ACE284E-6C26-4100-9534-ECDA2D941A9B}.Debug|Any CPU.Build.0 = Debug|Any CPU
		{8ACE284E-6C26-4100-9534-ECDA2D941A9B}.Release|Any CPU.ActiveCfg = Release|Any CPU
		{8ACE284E-6C26-4100-9534-ECDA2D941A9B}.Release|Any CPU.Build.0 = Release|Any CPU
		{A876A02A-C1A0-4932-BCF1-4CCEDE0E2239}.Debug|Any CPU.ActiveCfg = Debug|Any CPU
		{A876A02A-C1A0-4932-BCF1-4CCEDE0E2239}.Debug|Any CPU.Build.0 = Debug|Any CPU
		{A876A02A-C1A0-4932-BCF1-4CCEDE0E2239}.Release|Any CPU.ActiveCfg = Release|Any CPU
		{A876A02A-C1A0-4932-BCF1-4CCEDE0E2239}.Release|Any CPU.Build.0 = Release|Any CPU
		{906C90A6-68CB-4BE5-B424-874B173AB7AE}.Debug|Any CPU.ActiveCfg = Debug|Any CPU
		{906C90A6-68CB-4BE5-B424-874B173AB7AE}.Debug|Any CPU.Build.0 = Debug|Any CPU
		{906C90A6-68CB-4BE5-B424-874B173AB7AE}.Release|Any CPU.ActiveCfg = Release|Any CPU
		{906C90A6-68CB-4BE5-B424-874B173AB7AE}.Release|Any CPU.Build.0 = Release|Any CPU
		{9634208E-83FE-4338-918A-FC88B7A8F5A8}.Debug|Any CPU.ActiveCfg = Debug|Any CPU
		{9634208E-83FE-4338-918A-FC88B7A8F5A8}.Debug|Any CPU.Build.0 = Debug|Any CPU
		{9634208E-83FE-4338-918A-FC88B7A8F5A8}.Release|Any CPU.ActiveCfg = Release|Any CPU
		{9634208E-83FE-4338-918A-FC88B7A8F5A8}.Release|Any CPU.Build.0 = Release|Any CPU
		{5E4DE76F-EBFB-4BCD-88D0-CEDF9FDCEC11}.Debug|Any CPU.ActiveCfg = Debug|Any CPU
		{5E4DE76F-EBFB-4BCD-88D0-CEDF9FDCEC11}.Debug|Any CPU.Build.0 = Debug|Any CPU
		{5E4DE76F-EBFB-4BCD-88D0-CEDF9FDCEC11}.Release|Any CPU.ActiveCfg = Release|Any CPU
		{5E4DE76F-EBFB-4BCD-88D0-CEDF9FDCEC11}.Release|Any CPU.Build.0 = Release|Any CPU
		{8CAE3C3F-65CF-45DC-AFA0-D66854C5332D}.Debug|Any CPU.ActiveCfg = Debug|Any CPU
		{8CAE3C3F-65CF-45DC-AFA0-D66854C5332D}.Debug|Any CPU.Build.0 = Debug|Any CPU
		{8CAE3C3F-65CF-45DC-AFA0-D66854C5332D}.Release|Any CPU.ActiveCfg = Release|Any CPU
		{8CAE3C3F-65CF-45DC-AFA0-D66854C5332D}.Release|Any CPU.Build.0 = Release|Any CPU
		{6743A73A-ABD0-4173-AC4D-94A51116C90E}.Debug|Any CPU.ActiveCfg = Debug|Any CPU
		{6743A73A-ABD0-4173-AC4D-94A51116C90E}.Debug|Any CPU.Build.0 = Debug|Any CPU
		{6743A73A-ABD0-4173-AC4D-94A51116C90E}.Release|Any CPU.ActiveCfg = Release|Any CPU
		{6743A73A-ABD0-4173-AC4D-94A51116C90E}.Release|Any CPU.Build.0 = Release|Any CPU
		{CD858DEB-336D-4AB7-A304-9089CCCCA3C5}.Debug|Any CPU.ActiveCfg = Debug|Any CPU
		{CD858DEB-336D-4AB7-A304-9089CCCCA3C5}.Debug|Any CPU.Build.0 = Debug|Any CPU
		{CD858DEB-336D-4AB7-A304-9089CCCCA3C5}.Release|Any CPU.ActiveCfg = Release|Any CPU
		{CD858DEB-336D-4AB7-A304-9089CCCCA3C5}.Release|Any CPU.Build.0 = Release|Any CPU
		{DD34E2C0-8FEE-4F24-9440-9BE77060F4BC}.Debug|Any CPU.ActiveCfg = Debug|Any CPU
		{DD34E2C0-8FEE-4F24-9440-9BE77060F4BC}.Debug|Any CPU.Build.0 = Debug|Any CPU
		{DD34E2C0-8FEE-4F24-9440-9BE77060F4BC}.Release|Any CPU.ActiveCfg = Release|Any CPU
		{DD34E2C0-8FEE-4F24-9440-9BE77060F4BC}.Release|Any CPU.Build.0 = Release|Any CPU
		{BB878F2C-0304-4004-AC80-AED62387F41D}.Debug|Any CPU.ActiveCfg = Debug|Any CPU
		{BB878F2C-0304-4004-AC80-AED62387F41D}.Debug|Any CPU.Build.0 = Debug|Any CPU
		{BB878F2C-0304-4004-AC80-AED62387F41D}.Release|Any CPU.ActiveCfg = Release|Any CPU
		{BB878F2C-0304-4004-AC80-AED62387F41D}.Release|Any CPU.Build.0 = Release|Any CPU
		{5A903871-FAA0-4497-B648-B9F359D86CFD}.Debug|Any CPU.ActiveCfg = Debug|Any CPU
		{5A903871-FAA0-4497-B648-B9F359D86CFD}.Debug|Any CPU.Build.0 = Debug|Any CPU
		{5A903871-FAA0-4497-B648-B9F359D86CFD}.Release|Any CPU.ActiveCfg = Release|Any CPU
		{5A903871-FAA0-4497-B648-B9F359D86CFD}.Release|Any CPU.Build.0 = Release|Any CPU
		{48537334-AFB0-44E2-8E2C-091DDC855E34}.Debug|Any CPU.ActiveCfg = Debug|Any CPU
		{48537334-AFB0-44E2-8E2C-091DDC855E34}.Debug|Any CPU.Build.0 = Debug|Any CPU
		{48537334-AFB0-44E2-8E2C-091DDC855E34}.Release|Any CPU.ActiveCfg = Release|Any CPU
		{48537334-AFB0-44E2-8E2C-091DDC855E34}.Release|Any CPU.Build.0 = Release|Any CPU
		{4236DA5A-0AC5-4D8A-A0F7-F5677EBD538B}.Debug|Any CPU.ActiveCfg = Debug|Any CPU
		{4236DA5A-0AC5-4D8A-A0F7-F5677EBD538B}.Debug|Any CPU.Build.0 = Debug|Any CPU
		{4236DA5A-0AC5-4D8A-A0F7-F5677EBD538B}.Release|Any CPU.ActiveCfg = Release|Any CPU
		{4236DA5A-0AC5-4D8A-A0F7-F5677EBD538B}.Release|Any CPU.Build.0 = Release|Any CPU
		{198245A4-F1E9-4EAB-9CD5-95FA4B8B874F}.Debug|Any CPU.ActiveCfg = Debug|Any CPU
		{198245A4-F1E9-4EAB-9CD5-95FA4B8B874F}.Debug|Any CPU.Build.0 = Debug|Any CPU
		{198245A4-F1E9-4EAB-9CD5-95FA4B8B874F}.Release|Any CPU.ActiveCfg = Release|Any CPU
		{198245A4-F1E9-4EAB-9CD5-95FA4B8B874F}.Release|Any CPU.Build.0 = Release|Any CPU
		{1532C370-1284-43C8-A27C-5DB654617CF6}.Debug|Any CPU.ActiveCfg = Debug|Any CPU
		{1532C370-1284-43C8-A27C-5DB654617CF6}.Debug|Any CPU.Build.0 = Debug|Any CPU
		{1532C370-1284-43C8-A27C-5DB654617CF6}.Release|Any CPU.ActiveCfg = Release|Any CPU
		{1532C370-1284-43C8-A27C-5DB654617CF6}.Release|Any CPU.Build.0 = Release|Any CPU
		{F10FE8B7-C2E5-4348-BF8C-9284D454B4EA}.Debug|Any CPU.ActiveCfg = Debug|Any CPU
		{F10FE8B7-C2E5-4348-BF8C-9284D454B4EA}.Debug|Any CPU.Build.0 = Debug|Any CPU
		{F10FE8B7-C2E5-4348-BF8C-9284D454B4EA}.Release|Any CPU.ActiveCfg = Release|Any CPU
		{F10FE8B7-C2E5-4348-BF8C-9284D454B4EA}.Release|Any CPU.Build.0 = Release|Any CPU
		{95845763-5294-4E4D-A06A-B1199BB09874}.Debug|Any CPU.ActiveCfg = Debug|Any CPU
		{95845763-5294-4E4D-A06A-B1199BB09874}.Debug|Any CPU.Build.0 = Debug|Any CPU
		{95845763-5294-4E4D-A06A-B1199BB09874}.Release|Any CPU.ActiveCfg = Release|Any CPU
		{95845763-5294-4E4D-A06A-B1199BB09874}.Release|Any CPU.Build.0 = Release|Any CPU
		{9831BBE5-3924-41C3-9667-7AE1881825E0}.Debug|Any CPU.ActiveCfg = Debug|Any CPU
		{9831BBE5-3924-41C3-9667-7AE1881825E0}.Debug|Any CPU.Build.0 = Debug|Any CPU
		{9831BBE5-3924-41C3-9667-7AE1881825E0}.Release|Any CPU.ActiveCfg = Release|Any CPU
		{9831BBE5-3924-41C3-9667-7AE1881825E0}.Release|Any CPU.Build.0 = Release|Any CPU
		{300B50DC-B6FD-4406-A079-D94CC4F91BDE}.Debug|Any CPU.ActiveCfg = Debug|Any CPU
		{300B50DC-B6FD-4406-A079-D94CC4F91BDE}.Debug|Any CPU.Build.0 = Debug|Any CPU
		{300B50DC-B6FD-4406-A079-D94CC4F91BDE}.Release|Any CPU.ActiveCfg = Release|Any CPU
		{300B50DC-B6FD-4406-A079-D94CC4F91BDE}.Release|Any CPU.Build.0 = Release|Any CPU
	EndGlobalSection
	GlobalSection(SolutionProperties) = preSolution
		HideSolutionNode = FALSE
	EndGlobalSection
	GlobalSection(NestedProjects) = preSolution
		{8848B5AF-F0CD-4429-97A8-51DFE0C6F5F7} = {15D69ABA-041B-46BB-A0CF-DC45C90ED087}
		{AF947585-2B99-4885-A4A4-F8FE291F2DA0} = {15D69ABA-041B-46BB-A0CF-DC45C90ED087}
		{1A67EB95-BC15-4156-9184-4241F7EB6985} = {0E5D88DB-0E06-4717-A5C3-37E5894E4831}
		{839EDCAC-F034-408C-B834-BDEF6644B72C} = {15D69ABA-041B-46BB-A0CF-DC45C90ED087}
		{C7745B1F-B4ED-49B8-BC7C-A74417BD9058} = {0E5D88DB-0E06-4717-A5C3-37E5894E4831}
		{15D69ABA-041B-46BB-A0CF-DC45C90ED087} = {1C8B5275-512C-462E-88A3-26554ABC0961}
		{0E5D88DB-0E06-4717-A5C3-37E5894E4831} = {1C8B5275-512C-462E-88A3-26554ABC0961}
		{6843DFC6-6534-42D0-959B-C58DD48CC66A} = {0E5D88DB-0E06-4717-A5C3-37E5894E4831}
		{A876A02A-C1A0-4932-BCF1-4CCEDE0E2239} = {0E5D88DB-0E06-4717-A5C3-37E5894E4831}
		{906C90A6-68CB-4BE5-B424-874B173AB7AE} = {15D69ABA-041B-46BB-A0CF-DC45C90ED087}
		{8CAE3C3F-65CF-45DC-AFA0-D66854C5332D} = {0E5D88DB-0E06-4717-A5C3-37E5894E4831}
		{CD858DEB-336D-4AB7-A304-9089CCCCA3C5} = {15D69ABA-041B-46BB-A0CF-DC45C90ED087}
		{DD34E2C0-8FEE-4F24-9440-9BE77060F4BC} = {C6AC21FD-C81F-4EC7-B113-9A3AB4C5E884}
		{BB878F2C-0304-4004-AC80-AED62387F41D} = {C6AC21FD-C81F-4EC7-B113-9A3AB4C5E884}
		{5A903871-FAA0-4497-B648-B9F359D86CFD} = {C6AC21FD-C81F-4EC7-B113-9A3AB4C5E884}
		{4A42388F-5FA5-40F6-BCC6-50CCBB571C31} = {1C8B5275-512C-462E-88A3-26554ABC0961}
		{48537334-AFB0-44E2-8E2C-091DDC855E34} = {4A42388F-5FA5-40F6-BCC6-50CCBB571C31}
		{4236DA5A-0AC5-4D8A-A0F7-F5677EBD538B} = {4A42388F-5FA5-40F6-BCC6-50CCBB571C31}
		{198245A4-F1E9-4EAB-9CD5-95FA4B8B874F} = {4A42388F-5FA5-40F6-BCC6-50CCBB571C31}
		{F10FE8B7-C2E5-4348-BF8C-9284D454B4EA} = {C05F64D7-97CB-4CF6-B2FA-499B02FF8D88}
		{95845763-5294-4E4D-A06A-B1199BB09874} = {BAF8BC85-9359-4924-A14A-B81ECA7EBD1F}
		{9831BBE5-3924-41C3-9667-7AE1881825E0} = {C6AC21FD-C81F-4EC7-B113-9A3AB4C5E884}
		{300B50DC-B6FD-4406-A079-D94CC4F91BDE} = {C6AC21FD-C81F-4EC7-B113-9A3AB4C5E884}
	EndGlobalSection
	GlobalSection(ExtensibilityGlobals) = postSolution
		SolutionGuid = {8F9C85A1-F83C-42CB-9FE0-B5A398FF244E}
	EndGlobalSection
EndGlobal
